
Microsoft Visual Studio Solution File, Format Version 12.00
# Visual Studio Version 17
VisualStudioVersion = 17.4.33213.308
MinimumVisualStudioVersion = 10.0.40219.1
Project("{9A19103F-16F7-4668-BE54-9A1E7A4F7556}") = "MyBookStore", "MyBookStore\MyBookStore.csproj", "{3B2B5D33-2BDB-4EBD-851C-D7498DA84BD4}"
EndProject
Project("{9A19103F-16F7-4668-BE54-9A1E7A4F7556}") = "MyBookStoreImporter", "MyBookStoreImporter\MyBookStoreImporter.csproj", "{2C360744-8095-499A-BF04-A0862C414183}"
EndProject
Project("{9A19103F-16F7-4668-BE54-9A1E7A4F7556}") = "MyBookStoreDatabaseCreate", "MyBookStoreDatabaseCreate\MyBookStoreDatabaseCreate.csproj", "{1D58BAA2-0D15-4712-B8D3-5B53B88A67FA}"
EndProject
Project("{2150E333-8FDC-42A3-9474-1A3956D46DE8}") = "Solution Items", "Solution Items", "{E128DCDD-EF65-4EEF-BD32-91E092BC53AF}"
	ProjectSection(SolutionItems) = preProject
		.editorconfig = .editorconfig
	EndProjectSection
EndProject
Global
	GlobalSection(SolutionConfigurationPlatforms) = preSolution
		Debug|Any CPU = Debug|Any CPU
		Release|Any CPU = Release|Any CPU
	EndGlobalSection
	GlobalSection(ProjectConfigurationPlatforms) = postSolution
		{3B2B5D33-2BDB-4EBD-851C-D7498DA84BD4}.Debug|Any CPU.ActiveCfg = Debug|Any CPU
		{3B2B5D33-2BDB-4EBD-851C-D7498DA84BD4}.Debug|Any CPU.Build.0 = Debug|Any CPU
		{3B2B5D33-2BDB-4EBD-851C-D7498DA84BD4}.Release|Any CPU.ActiveCfg = Release|Any CPU
		{3B2B5D33-2BDB-4EBD-851C-D7498DA84BD4}.Release|Any CPU.Build.0 = Release|Any CPU
		{2C360744-8095-499A-BF04-A0862C414183}.Debug|Any CPU.ActiveCfg = Debug|Any CPU
		{2C360744-8095-499A-BF04-A0862C414183}.Debug|Any CPU.Build.0 = Debug|Any CPU
		{2C360744-8095-499A-BF04-A0862C414183}.Release|Any CPU.ActiveCfg = Release|Any CPU
		{2C360744-8095-499A-BF04-A0862C414183}.Release|Any CPU.Build.0 = Release|Any CPU
		{1D58BAA2-0D15-4712-B8D3-5B53B88A67FA}.Debug|Any CPU.ActiveCfg = Debug|Any CPU
		{1D58BAA2-0D15-4712-B8D3-5B53B88A67FA}.Debug|Any CPU.Build.0 = Debug|Any CPU
		{1D58BAA2-0D15-4712-B8D3-5B53B88A67FA}.Release|Any CPU.ActiveCfg = Release|Any CPU
		{1D58BAA2-0D15-4712-B8D3-5B53B88A67FA}.Release|Any CPU.Build.0 = Release|Any CPU
	EndGlobalSection
	GlobalSection(SolutionProperties) = preSolution
		HideSolutionNode = FALSE
	EndGlobalSection
	GlobalSection(ExtensibilityGlobals) = postSolution
		SolutionGuid = {F9D32726-23F4-4271-9A51-E1D425087770}
	EndGlobalSection
EndGlobal
